
Microsoft Visual Studio Solution File, Format Version 12.00
# Visual Studio Version 17
VisualStudioVersion = 17.6.33723.286
MinimumVisualStudioVersion = 10.0.40219.1
Project("{FAE04EC0-301F-11D3-BF4B-00C04F79EFBC}") = "Ejercicio1", "Ejercicio1.csproj", "{8EFC5CB3-D21F-4667-A8AE-819DA50051FB}"
EndProject
Global
	GlobalSection(SolutionConfigurationPlatforms) = preSolution
		Debug|Any CPU = Debug|Any CPU
		Release|Any CPU = Release|Any CPU
	EndGlobalSection
	GlobalSection(ProjectConfigurationPlatforms) = postSolution
		{8EFC5CB3-D21F-4667-A8AE-819DA50051FB}.Debug|Any CPU.ActiveCfg = Debug|Any CPU
		{8EFC5CB3-D21F-4667-A8AE-819DA50051FB}.Debug|Any CPU.Build.0 = Debug|Any CPU
		{8EFC5CB3-D21F-4667-A8AE-819DA50051FB}.Release|Any CPU.ActiveCfg = Release|Any CPU
		{8EFC5CB3-D21F-4667-A8AE-819DA50051FB}.Release|Any CPU.Build.0 = Release|Any CPU
	EndGlobalSection
	GlobalSection(SolutionProperties) = preSolution
		HideSolutionNode = FALSE
	EndGlobalSection
	GlobalSection(ExtensibilityGlobals) = postSolution
		SolutionGuid = {9930E95C-4F4E-4154-8E79-0C2C2845E31A}
	EndGlobalSection
EndGlobal
