
Microsoft Visual Studio Solution File, Format Version 12.00
# Visual Studio Version 17
VisualStudioVersion = 17.0.31903.59
MinimumVisualStudioVersion = 10.0.40219.1
Project("{FAE04EC0-301F-11D3-BF4B-00C04F79EFBC}") = "ChavezHuertas_HristoAndy_T1_EST_DAT", "ChavezHuertas_HristoAndy_T1_EST_DAT.csproj", "{D8AF61DB-F6CF-444E-8A57-01913604033E}"
EndProject
Global
	GlobalSection(SolutionConfigurationPlatforms) = preSolution
		Debug|Any CPU = Debug|Any CPU
		Release|Any CPU = Release|Any CPU
	EndGlobalSection
	GlobalSection(SolutionProperties) = preSolution
		HideSolutionNode = FALSE
	EndGlobalSection
	GlobalSection(ProjectConfigurationPlatforms) = postSolution
		{D8AF61DB-F6CF-444E-8A57-01913604033E}.Debug|Any CPU.ActiveCfg = Debug|Any CPU
		{D8AF61DB-F6CF-444E-8A57-01913604033E}.Debug|Any CPU.Build.0 = Debug|Any CPU
		{D8AF61DB-F6CF-444E-8A57-01913604033E}.Release|Any CPU.ActiveCfg = Release|Any CPU
		{D8AF61DB-F6CF-444E-8A57-01913604033E}.Release|Any CPU.Build.0 = Release|Any CPU
	EndGlobalSection
EndGlobal
